lockfileVersion: '9.0'

settings:
  autoInstallPeers: true
  excludeLinksFromLockfile: false

patchedDependencies:
  '@serialport/bindings-interface':
    hash: 23303df39a158977b3a3d4663860e68d1bfed71932bb1c9e14cb16f119e81329
    path: patches/@serialport__bindings-interface.patch

importers:

  .:
    devDependencies:
      '@serialport/bindings-interface':
        specifier: ^1.2.2
        version: 1.2.2(patch_hash=23303df39a158977b3a3d4663860e68d1bfed71932bb1c9e14cb16f119e81329)
      '@serialport/stream':
        specifier: ^13.0.0
        version: 13.0.0
      '@tsconfig/node18':
        specifier: ^18.2.4
        version: 18.2.4
      '@types/node':
        specifier: ^20.12.7
        version: 20.12.7
      '@types/w3c-web-serial':
        specifier: ^1.0.8
        version: 1.0.8
      typescript:
        specifier: ^5.8.2
        version: 5.8.2

packages:

  '@serialport/bindings-interface@1.2.2':
    resolution: {integrity: sha512-CJaUd5bLvtM9c5dmO9rPBHPXTa9R2UwpkJ0wdh9JCYcbrPWsKz+ErvR0hBLeo7NPeiFdjFO4sonRljiw4d2XiA==}
    engines: {node: ^12.22 || ^14.13 || >=16}

  '@serialport/stream@13.0.0':
    resolution: {integrity: sha512-F7xLJKsjGo2WuEWMSEO1SimRcOA+WtWICsY13r0ahx8s2SecPQH06338g28OT7cW7uRXI7oEQAk62qh5gHJW3g==}
    engines: {node: '>=20.0.0'}

  '@tsconfig/node18@18.2.4':
    resolution: {integrity: sha512-5xxU8vVs9/FNcvm3gE07fPbn9tl6tqGGWA9tSlwsUEkBxtRnTsNmwrV8gasZ9F/EobaSv9+nu8AxUKccw77JpQ==}

  '@types/node@20.12.7':
    resolution: {integrity: sha512-wq0cICSkRLVaf3UGLMGItu/PtdY7oaXaI/RVU+xliKVOtRna3PRY57ZDfztpDL0n11vfymMUnXv8QwYCO7L1wg==}

  '@types/w3c-web-serial@1.0.8':
    resolution: {integrity: sha512-QQOT+bxQJhRGXoZDZGLs3ksLud1dMNnMiSQtBA0w8KXvLpXX4oM4TZb6J0GgJ8UbCaHo5s9/4VQT8uXy9JER2A==}

  debug@4.4.0:
    resolution: {integrity: sha512-6WTZ/IxCY/T6BALoZHaE4ctp9xm+Z5kY/pzYaCHRFeyVhojxlrm+46y68HA6hr0TcwEssoxNiDEUJQjfPZ/RYA==}
    engines: {node: '>=6.0'}
    peerDependencies:
      supports-color: '*'
    peerDependenciesMeta:
      supports-color:
        optional: true

  ms@2.1.3:
    resolution: {integrity: sha512-6FlzubTLZG3J2a/NVCAleEhjzq5oxgHyaCU9yYXvcLsvoVaHJq/s5xXI6/XXP6tz7R9xAOtHnSO/tXtF3WRTlA==}

  typescript@5.8.2:
    resolution: {integrity: sha512-aJn6wq13/afZp/jT9QZmwEjDqqvSGp1VT5GVg+f/t6/oVyrgXM6BY1h9BRh/O5p3PlUPAe+WuiEZOmb/49RqoQ==}
    engines: {node: '>=14.17'}
    hasBin: true

  undici-types@5.26.5:
    resolution: {integrity: sha512-JlCMO+ehdEIKqlFxk6IfVoAUVmgz7cU7zD/h9XZ0qzeosSHmUJVOzSQvvYSYWXkFXC+IfLKSIffhv0sVZup6pA==}

snapshots:

  '@serialport/bindings-interface@1.2.2(patch_hash=23303df39a158977b3a3d4663860e68d1bfed71932bb1c9e14cb16f119e81329)': {}

  '@serialport/stream@13.0.0':
    dependencies:
      '@serialport/bindings-interface': 1.2.2(patch_hash=23303df39a158977b3a3d4663860e68d1bfed71932bb1c9e14cb16f119e81329)
      debug: 4.4.0
    transitivePeerDependencies:
      - supports-color

  '@tsconfig/node18@18.2.4': {}

  '@types/node@20.12.7':
    dependencies:
      undici-types: 5.26.5

  '@types/w3c-web-serial@1.0.8': {}

  debug@4.4.0:
    dependencies:
      ms: 2.1.3

  ms@2.1.3: {}

  typescript@5.8.2: {}

  undici-types@5.26.5: {}
